
Microsoft Visual Studio Solution File, Format Version 12.00
# Visual Studio Version 16
VisualStudioVersion = 16.0.31205.134
MinimumVisualStudioVersion = 10.0.40219.1
Project("{8BC9CEB8-8B4A-11D0-8D11-00A0C91BC942}") = "BigInt", "BigInt.vcxproj", "{B26FBF25-9E42-4903-976A-702946849F61}"
EndProject
Global
	GlobalSection(SolutionConfigurationPlatforms) = preSolution
		Debug|x64 = Debug|x64
		Debug|x86 = Debug|x86
		Release|x64 = Release|x64
		Release|x86 = Release|x86
	EndGlobalSection
	GlobalSection(ProjectConfigurationPlatforms) = postSolution
		{B26FBF25-9E42-4903-976A-702946849F61}.Debug|x64.ActiveCfg = Debug|x64
		{B26FBF25-9E42-4903-976A-702946849F61}.Debug|x64.Build.0 = Debug|x64
		{B26FBF25-9E42-4903-976A-702946849F61}.Debug|x86.ActiveCfg = Debug|Win32
		{B26FBF25-9E42-4903-976A-702946849F61}.Debug|x86.Build.0 = Debug|Win32
		{B26FBF25-9E42-4903-976A-702946849F61}.Release|x64.ActiveCfg = Release|x64
		{B26FBF25-9E42-4903-976A-702946849F61}.Release|x64.Build.0 = Release|x64
		{B26FBF25-9E42-4903-976A-702946849F61}.Release|x86.ActiveCfg = Release|Win32
		{B26FBF25-9E42-4903-976A-702946849F61}.Release|x86.Build.0 = Release|Win32
	EndGlobalSection
	GlobalSection(SolutionProperties) = preSolution
		HideSolutionNode = FALSE
	EndGlobalSection
	GlobalSection(ExtensibilityGlobals) = postSolution
		SolutionGuid = {0AB25452-8879-41C2-A740-638E9886C3FE}
	EndGlobalSection
EndGlobal
